
Microsoft Visual Studio Solution File, Format Version 12.00
# Visual Studio Version 16
VisualStudioVersion = 16.0.30711.63
MinimumVisualStudioVersion = 10.0.40219.1
Project("{FAE04EC0-301F-11D3-BF4B-00C04F79EFBC}") = "WPFPractices", "WPFPractices\WPFPractices.csproj", "{B9D5D183-AECA-41F2-B056-8C5C7867DF00}"
EndProject
Global
	GlobalSection(SolutionConfigurationPlatforms) = preSolution
		Debug|Any CPU = Debug|Any CPU
		Release|Any CPU = Release|Any CPU
	EndGlobalSection
	GlobalSection(ProjectConfigurationPlatforms) = postSolution
		{B9D5D183-AECA-41F2-B056-8C5C7867DF00}.Debug|Any CPU.ActiveCfg = Debug|Any CPU
		{B9D5D183-AECA-41F2-B056-8C5C7867DF00}.Debug|Any CPU.Build.0 = Debug|Any CPU
		{B9D5D183-AECA-41F2-B056-8C5C7867DF00}.Release|Any CPU.ActiveCfg = Release|Any CPU
		{B9D5D183-AECA-41F2-B056-8C5C7867DF00}.Release|Any CPU.Build.0 = Release|Any CPU
	EndGlobalSection
	GlobalSection(SolutionProperties) = preSolution
		HideSolutionNode = FALSE
	EndGlobalSection
	GlobalSection(ExtensibilityGlobals) = postSolution
		SolutionGuid = {F6898B85-218D-4205-9398-FAD6EB8D5EDD}
	EndGlobalSection
EndGlobal
