
Microsoft Visual Studio Solution File, Format Version 12.00
# Visual Studio Version 16
VisualStudioVersion = 16.0.30711.63
MinimumVisualStudioVersion = 10.0.40219.1
Project("{FAE04EC0-301F-11D3-BF4B-00C04F79EFBC}") = "CsCalc", "CsOriginal\CsCalc.csproj", "{B13A11DA-2D36-48FB-A15D-C01170DAE531}"
EndProject
Global
	GlobalSection(SolutionConfigurationPlatforms) = preSolution
		Debug|Any CPU = Debug|Any CPU
		Release|Any CPU = Release|Any CPU
	EndGlobalSection
	GlobalSection(ProjectConfigurationPlatforms) = postSolution
		{B13A11DA-2D36-48FB-A15D-C01170DAE531}.Debug|Any CPU.ActiveCfg = Debug|Any CPU
		{B13A11DA-2D36-48FB-A15D-C01170DAE531}.Debug|Any CPU.Build.0 = Debug|Any CPU
		{B13A11DA-2D36-48FB-A15D-C01170DAE531}.Release|Any CPU.ActiveCfg = Release|Any CPU
		{B13A11DA-2D36-48FB-A15D-C01170DAE531}.Release|Any CPU.Build.0 = Release|Any CPU
	EndGlobalSection
	GlobalSection(SolutionProperties) = preSolution
		HideSolutionNode = FALSE
	EndGlobalSection
	GlobalSection(ExtensibilityGlobals) = postSolution
		SolutionGuid = {7A36F939-C119-4B8C-B9C9-E3FC364C898B}
	EndGlobalSection
EndGlobal
